
Microsoft Visual Studio Solution File, Format Version 12.00
# Visual Studio Version 17
VisualStudioVersion = 17.7.34031.279
MinimumVisualStudioVersion = 10.0.40219.1
Project("{FAE04EC0-301F-11D3-BF4B-00C04F79EFBC}") = "Live", "Live\Live.csproj", "{2D069889-6B4D-47EB-8CEC-8EF800BC0708}"
EndProject
Project("{FAE04EC0-301F-11D3-BF4B-00C04F79EFBC}") = "PenaltyShotOut", "PenaltyShotOut\PenaltyShotOut.csproj", "{55DD8398-54E2-4875-B092-0826D6BF014E}"
EndProject
Global
	GlobalSection(SolutionConfigurationPlatforms) = preSolution
		Debug|Any CPU = Debug|Any CPU
		Release|Any CPU = Release|Any CPU
	EndGlobalSection
	GlobalSection(ProjectConfigurationPlatforms) = postSolution
		{2D069889-6B4D-47EB-8CEC-8EF800BC0708}.Debug|Any CPU.ActiveCfg = Debug|Any CPU
		{2D069889-6B4D-47EB-8CEC-8EF800BC0708}.Debug|Any CPU.Build.0 = Debug|Any CPU
		{2D069889-6B4D-47EB-8CEC-8EF800BC0708}.Release|Any CPU.ActiveCfg = Release|Any CPU
		{2D069889-6B4D-47EB-8CEC-8EF800BC0708}.Release|Any CPU.Build.0 = Release|Any CPU
		{55DD8398-54E2-4875-B092-0826D6BF014E}.Debug|Any CPU.ActiveCfg = Debug|Any CPU
		{55DD8398-54E2-4875-B092-0826D6BF014E}.Debug|Any CPU.Build.0 = Debug|Any CPU
		{55DD8398-54E2-4875-B092-0826D6BF014E}.Release|Any CPU.ActiveCfg = Release|Any CPU
		{55DD8398-54E2-4875-B092-0826D6BF014E}.Release|Any CPU.Build.0 = Release|Any CPU
	EndGlobalSection
	GlobalSection(SolutionProperties) = preSolution
		HideSolutionNode = FALSE
	EndGlobalSection
	GlobalSection(ExtensibilityGlobals) = postSolution
		SolutionGuid = {5AE38920-1C6B-4970-A4E7-4BA15BD1E094}
	EndGlobalSection
EndGlobal
